
Microsoft Visual Studio Solution File, Format Version 12.00
# Visual Studio Version 16
VisualStudioVersion = 16.0.31019.35
MinimumVisualStudioVersion = 10.0.40219.1
Project("{FAE04EC0-301F-11D3-BF4B-00C04F79EFBC}") = "SegmentMonitor", "SegmentMonitor\SegmentMonitor.csproj", "{97823B40-BAB1-4D07-BD45-752742D33E1B}"
EndProject
Global
	GlobalSection(SolutionConfigurationPlatforms) = preSolution
		Debug|Any CPU = Debug|Any CPU
		Release|Any CPU = Release|Any CPU
	EndGlobalSection
	GlobalSection(ProjectConfigurationPlatforms) = postSolution
		{97823B40-BAB1-4D07-BD45-752742D33E1B}.Debug|Any CPU.ActiveCfg = Debug|Any CPU
		{97823B40-BAB1-4D07-BD45-752742D33E1B}.Debug|Any CPU.Build.0 = Debug|Any CPU
		{97823B40-BAB1-4D07-BD45-752742D33E1B}.Release|Any CPU.ActiveCfg = Release|Any CPU
		{97823B40-BAB1-4D07-BD45-752742D33E1B}.Release|Any CPU.Build.0 = Release|Any CPU
	EndGlobalSection
	GlobalSection(SolutionProperties) = preSolution
		HideSolutionNode = FALSE
	EndGlobalSection
	GlobalSection(ExtensibilityGlobals) = postSolution
		SolutionGuid = {18020328-EFF8-4200-811B-B317AE3F4CC9}
	EndGlobalSection
EndGlobal
